// !$*UTF8*$!
{
	archiveVersion = 1;
	classes = {
	};
	objectVersion = 50;
	objects = {

/* Begin PBXBuildFile section */
		EA1B9779241A346200704E75 /* droplet_icon.png in Resources */ = {isa = PBXBuildFile; fileRef = EA1B9778241A346200704E75 /* droplet_icon.png */; };
		EA7D74FE24193E8200630823 /* ComplicationController.swift in Sources */ = {isa = PBXBuildFile; fileRef = EA7D74FD24193E8200630823 /* ComplicationController.swift */; };
		EA9AAE022417ECE00045A7A7 /* Handwashtimer WatchKit App.app in Embed Watch Content */ = {isa = PBXBuildFile; fileRef = EA9AAE012417ECE00045A7A7 /* Handwashtimer WatchKit App.app */; settings = {ATTRIBUTES = (RemoveHeadersOnCopy, ); }; };
		EA9AAE082417ECE00045A7A7 /* Interface.storyboard in Resources */ = {isa = PBXBuildFile; fileRef = EA9AAE062417ECE00045A7A7 /* Interface.storyboard */; };
		EA9AAE0A2417ECE20045A7A7 /* Assets.xcassets in Resources */ = {isa = PBXBuildFile; fileRef = EA9AAE092417ECE20045A7A7 /* Assets.xcassets */; };
		EA9AAE112417ECE20045A7A7 /* Handwashtimer WatchKit Extension.appex in Embed App Extensions */ = {isa = PBXBuildFile; fileRef = EA9AAE102417ECE20045A7A7 /* Handwashtimer WatchKit Extension.appex */; settings = {ATTRIBUTES = (RemoveHeadersOnCopy, ); }; };
		EA9AAE162417ECE20045A7A7 /* ContentView.swift in Sources */ = {isa = PBXBuildFile; fileRef = EA9AAE152417ECE20045A7A7 /* ContentView.swift */; };
		EA9AAE182417ECE20045A7A7 /* HostingController.swift in Sources */ = {isa = PBXBuildFile; fileRef = EA9AAE172417ECE20045A7A7 /* HostingController.swift */; };
		EA9AAE1A2417ECE20045A7A7 /* ExtensionDelegate.swift in Sources */ = {isa = PBXBuildFile; fileRef = EA9AAE192417ECE20045A7A7 /* ExtensionDelegate.swift */; };
		EA9AAE1C2417ECE20045A7A7 /* NotificationController.swift in Sources */ = {isa = PBXBuildFile; fileRef = EA9AAE1B2417ECE20045A7A7 /* NotificationController.swift */; };
		EA9AAE1E2417ECE20045A7A7 /* NotificationView.swift in Sources */ = {isa = PBXBuildFile; fileRef = EA9AAE1D2417ECE20045A7A7 /* NotificationView.swift */; };
		EA9AAE202417ECE30045A7A7 /* Assets.xcassets in Resources */ = {isa = PBXBuildFile; fileRef = EA9AAE1F2417ECE30045A7A7 /* Assets.xcassets */; };
		EA9AAE232417ECE30045A7A7 /* Preview Assets.xcassets in Resources */ = {isa = PBXBuildFile; fileRef = EA9AAE222417ECE30045A7A7 /* Preview Assets.xcassets */; };
		EA9AAE352417F28E0045A7A7 /* Stepper.swift in Sources */ = {isa = PBXBuildFile; fileRef = EA9AAE342417F28E0045A7A7 /* Stepper.swift */; };
		EA9AAE372417F47F0045A7A7 /* DatePicker.swift in Sources */ = {isa = PBXBuildFile; fileRef = EA9AAE362417F47F0045A7A7 /* DatePicker.swift */; };
		EA9AAE39241812F50045A7A7 /* Settings.swift in Sources */ = {isa = PBXBuildFile; fileRef = EA9AAE38241812F40045A7A7 /* Settings.swift */; };
		EA9AAE3B24182B530045A7A7 /* WashObservable.swift in Sources */ = {isa = PBXBuildFile; fileRef = EA9AAE3A24182B530045A7A7 /* WashObservable.swift */; };
/* End PBXBuildFile section */

/* Begin PBXContainerItemProxy section */
		EA9AAE032417ECE00045A7A7 /* PBXContainerItemProxy */ = {
			isa = PBXContainerItemProxy;
			containerPortal = EA9AADF72417ECE00045A7A7 /* Project object */;
			proxyType = 1;
			remoteGlobalIDString = EA9AAE002417ECE00045A7A7;
			remoteInfo = "Handwashtimer WatchKit App";
		};
		EA9AAE122417ECE20045A7A7 /* PBXContainerItemProxy */ = {
			isa = PBXContainerItemProxy;
			containerPortal = EA9AADF72417ECE00045A7A7 /* Project object */;
			proxyType = 1;
			remoteGlobalIDString = EA9AAE0F2417ECE20045A7A7;
			remoteInfo = "Handwashtimer WatchKit Extension";
		};
/* End PBXContainerItemProxy section */

/* Begin PBXCopyFilesBuildPhase section */
		EA9AAE2B2417ECE30045A7A7 /* Embed App Extensions */ = {
			isa = PBXCopyFilesBuildPhase;
			buildActionMask = 2147483647;
			dstPath = "";
			dstSubfolderSpec = 13;
			files = (
				EA9AAE112417ECE20045A7A7 /* Handwashtimer WatchKit Extension.appex in Embed App Extensions */,
			);
			name = "Embed App Extensions";
			runOnlyForDeploymentPostprocessing = 0;
		};
		EA9AAE2F2417ECE30045A7A7 /* Embed Watch Content */ = {
			isa = PBXCopyFilesBuildPhase;
			buildActionMask = 2147483647;
			dstPath = "$(CONTENTS_FOLDER_PATH)/Watch";
			dstSubfolderSpec = 16;
			files = (
				EA9AAE022417ECE00045A7A7 /* Handwashtimer WatchKit App.app in Embed Watch Content */,
			);
			name = "Embed Watch Content";
			runOnlyForDeploymentPostprocessing = 0;
		};
/* End PBXCopyFilesBuildPhase section */

/* Begin PBXFileReference section */
		EA1B9778241A346200704E75 /* droplet_icon.png */ = {isa = PBXFileReference; lastKnownFileType = image.png; path = droplet_icon.png; sourceTree = "<group>"; };
		EA7D74FD24193E8200630823 /* ComplicationController.swift */ = {isa = PBXFileReference; lastKnownFileType = sourcecode.swift; path = ComplicationController.swift; sourceTree = "<group>"; };
		EA9AADFD2417ECE00045A7A7 /* Handwashtimer.app */ = {isa = PBXFileReference; explicitFileType = wrapper.application; includeInIndex = 0; path = Handwashtimer.app; sourceTree = BUILT_PRODUCTS_DIR; };
		EA9AAE012417ECE00045A7A7 /* Handwashtimer WatchKit App.app */ = {isa = PBXFileReference; explicitFileType = wrapper.application; includeInIndex = 0; path = "Handwashtimer WatchKit App.app"; sourceTree = BUILT_PRODUCTS_DIR; };
		EA9AAE072417ECE00045A7A7 /* Base */ = {isa = PBXFileReference; lastKnownFileType = file.storyboard; name = Base; path = Base.lproj/Interface.storyboard; sourceTree = "<group>"; };
		EA9AAE092417ECE20045A7A7 /* Assets.xcassets */ = {isa = PBXFileReference; lastKnownFileType = folder.assetcatalog; path = Assets.xcassets; sourceTree = "<group>"; };
		EA9AAE0B2417ECE20045A7A7 /* Info.plist */ = {isa = PBXFileReference; lastKnownFileType = text.plist.xml; path = Info.plist; sourceTree = "<group>"; };
		EA9AAE102417ECE20045A7A7 /* Handwashtimer WatchKit Extension.appex */ = {isa = PBXFileReference; explicitFileType = "wrapper.app-extension"; includeInIndex = 0; path = "Handwashtimer WatchKit Extension.appex"; sourceTree = BUILT_PRODUCTS_DIR; };
		EA9AAE152417ECE20045A7A7 /* ContentView.swift */ = {isa = PBXFileReference; lastKnownFileType = sourcecode.swift; path = ContentView.swift; sourceTree = "<group>"; };
		EA9AAE172417ECE20045A7A7 /* HostingController.swift */ = {isa = PBXFileReference; lastKnownFileType = sourcecode.swift; path = HostingController.swift; sourceTree = "<group>"; };
		EA9AAE192417ECE20045A7A7 /* ExtensionDelegate.swift */ = {isa = PBXFileReference; lastKnownFileType = sourcecode.swift; path = ExtensionDelegate.swift; sourceTree = "<group>"; };
		EA9AAE1B2417ECE20045A7A7 /* NotificationController.swift */ = {isa = PBXFileReference; lastKnownFileType = sourcecode.swift; path = NotificationController.swift; sourceTree = "<group>"; };
		EA9AAE1D2417ECE20045A7A7 /* NotificationView.swift */ = {isa = PBXFileReference; lastKnownFileType = sourcecode.swift; path = NotificationView.swift; sourceTree = "<group>"; };
		EA9AAE1F2417ECE30045A7A7 /* Assets.xcassets */ = {isa = PBXFileReference; lastKnownFileType = folder.assetcatalog; path = Assets.xcassets; sourceTree = "<group>"; };
		EA9AAE222417ECE30045A7A7 /* Preview Assets.xcassets */ = {isa = PBXFileReference; lastKnownFileType = folder.assetcatalog; path = "Preview Assets.xcassets"; sourceTree = "<group>"; };
		EA9AAE242417ECE30045A7A7 /* Info.plist */ = {isa = PBXFileReference; lastKnownFileType = text.plist.xml; path = Info.plist; sourceTree = "<group>"; };
		EA9AAE252417ECE30045A7A7 /* PushNotificationPayload.apns */ = {isa = PBXFileReference; lastKnownFileType = text; path = PushNotificationPayload.apns; sourceTree = "<group>"; };
		EA9AAE342417F28E0045A7A7 /* Stepper.swift */ = {isa = PBXFileReference; lastKnownFileType = sourcecode.swift; path = Stepper.swift; sourceTree = "<group>"; };
		EA9AAE362417F47F0045A7A7 /* DatePicker.swift */ = {isa = PBXFileReference; lastKnownFileType = sourcecode.swift; path = DatePicker.swift; sourceTree = "<group>"; };
		EA9AAE38241812F40045A7A7 /* Settings.swift */ = {isa = PBXFileReference; lastKnownFileType = sourcecode.swift; path = Settings.swift; sourceTree = "<group>"; };
		EA9AAE3A24182B530045A7A7 /* WashObservable.swift */ = {isa = PBXFileReference; lastKnownFileType = sourcecode.swift; path = WashObservable.swift; sourceTree = "<group>"; };
		EAE044DC241A47C200DCFEB4 /* Handwashtimer WatchKit Extension.entitlements */ = {isa = PBXFileReference; lastKnownFileType = text.plist.entitlements; path = "Handwashtimer WatchKit Extension.entitlements"; sourceTree = "<group>"; };
/* End PBXFileReference section */

/* Begin PBXFrameworksBuildPhase section */
		EA9AAE0D2417ECE20045A7A7 /* Frameworks */ = {
			isa = PBXFrameworksBuildPhase;
			buildActionMask = 2147483647;
			files = (
			);
			runOnlyForDeploymentPostprocessing = 0;
		};
/* End PBXFrameworksBuildPhase section */

/* Begin PBXGroup section */
		EA9AADF62417ECE00045A7A7 = {
			isa = PBXGroup;
			children = (
				EA9AAE052417ECE00045A7A7 /* Handwashtimer WatchKit App */,
				EA9AAE142417ECE20045A7A7 /* Handwashtimer WatchKit Extension */,
				EA9AADFE2417ECE00045A7A7 /* Products */,
			);
			sourceTree = "<group>";
		};
		EA9AADFE2417ECE00045A7A7 /* Products */ = {
			isa = PBXGroup;
			children = (
				EA9AADFD2417ECE00045A7A7 /* Handwashtimer.app */,
				EA9AAE012417ECE00045A7A7 /* Handwashtimer WatchKit App.app */,
				EA9AAE102417ECE20045A7A7 /* Handwashtimer WatchKit Extension.appex */,
			);
			name = Products;
			sourceTree = "<group>";
		};
		EA9AAE052417ECE00045A7A7 /* Handwashtimer WatchKit App */ = {
			isa = PBXGroup;
			children = (
				EA9AAE062417ECE00045A7A7 /* Interface.storyboard */,
				EA9AAE092417ECE20045A7A7 /* Assets.xcassets */,
				EA9AAE0B2417ECE20045A7A7 /* Info.plist */,
			);
			path = "Handwashtimer WatchKit App";
			sourceTree = "<group>";
		};
		EA9AAE142417ECE20045A7A7 /* Handwashtimer WatchKit Extension */ = {
			isa = PBXGroup;
			children = (
				EAE044DC241A47C200DCFEB4 /* Handwashtimer WatchKit Extension.entitlements */,
				EA9AAE152417ECE20045A7A7 /* ContentView.swift */,
				EA9AAE332417F26A0045A7A7 /* Views */,
				EA9AAE172417ECE20045A7A7 /* HostingController.swift */,
				EA9AAE192417ECE20045A7A7 /* ExtensionDelegate.swift */,
				EA9AAE1B2417ECE20045A7A7 /* NotificationController.swift */,
				EA9AAE1D2417ECE20045A7A7 /* NotificationView.swift */,
				EA9AAE1F2417ECE30045A7A7 /* Assets.xcassets */,
				EA9AAE242417ECE30045A7A7 /* Info.plist */,
				EA9AAE252417ECE30045A7A7 /* PushNotificationPayload.apns */,
				EA7D74FD24193E8200630823 /* ComplicationController.swift */,
				EA1B9778241A346200704E75 /* droplet_icon.png */,
				EA9AAE212417ECE30045A7A7 /* Preview Content */,
				EA9AAE3A24182B530045A7A7 /* WashObservable.swift */,
			);
			path = "Handwashtimer WatchKit Extension";
			sourceTree = "<group>";
		};
		EA9AAE212417ECE30045A7A7 /* Preview Content */ = {
			isa = PBXGroup;
			children = (
				EA9AAE222417ECE30045A7A7 /* Preview Assets.xcassets */,
			);
			path = "Preview Content";
			sourceTree = "<group>";
		};
		EA9AAE332417F26A0045A7A7 /* Views */ = {
			isa = PBXGroup;
			children = (
				EA9AAE342417F28E0045A7A7 /* Stepper.swift */,
				EA9AAE362417F47F0045A7A7 /* DatePicker.swift */,
				EA9AAE38241812F40045A7A7 /* Settings.swift */,
			);
			path = Views;
			sourceTree = "<group>";
		};
/* End PBXGroup section */

/* Begin PBXNativeTarget section */
		EA9AADFC2417ECE00045A7A7 /* Handwashtimer */ = {
			isa = PBXNativeTarget;
			buildConfigurationList = EA9AAE302417ECE30045A7A7 /* Build configuration list for PBXNativeTarget "Handwashtimer" */;
			buildPhases = (
				EA9AADFB2417ECE00045A7A7 /* Resources */,
				EA9AAE2F2417ECE30045A7A7 /* Embed Watch Content */,
			);
			buildRules = (
			);
			dependencies = (
				EA9AAE042417ECE00045A7A7 /* PBXTargetDependency */,
			);
			name = Handwashtimer;
			productName = Handwashtimer;
			productReference = EA9AADFD2417ECE00045A7A7 /* Handwashtimer.app */;
			productType = "com.apple.product-type.application.watchapp2-container";
		};
		EA9AAE002417ECE00045A7A7 /* Handwashtimer WatchKit App */ = {
			isa = PBXNativeTarget;
			buildConfigurationList = EA9AAE2C2417ECE30045A7A7 /* Build configuration list for PBXNativeTarget "Handwashtimer WatchKit App" */;
			buildPhases = (
				EA9AADFF2417ECE00045A7A7 /* Resources */,
				EA9AAE2B2417ECE30045A7A7 /* Embed App Extensions */,
			);
			buildRules = (
			);
			dependencies = (
				EA9AAE132417ECE20045A7A7 /* PBXTargetDependency */,
			);
			name = "Handwashtimer WatchKit App";
			productName = "Handwashtimer WatchKit App";
			productReference = EA9AAE012417ECE00045A7A7 /* Handwashtimer WatchKit App.app */;
			productType = "com.apple.product-type.application.watchapp2";
		};
		EA9AAE0F2417ECE20045A7A7 /* Handwashtimer WatchKit Extension */ = {
			isa = PBXNativeTarget;
			buildConfigurationList = EA9AAE282417ECE30045A7A7 /* Build configuration list for PBXNativeTarget "Handwashtimer WatchKit Extension" */;
			buildPhases = (
				EA9AAE0C2417ECE20045A7A7 /* Sources */,
				EA9AAE0D2417ECE20045A7A7 /* Frameworks */,
				EA9AAE0E2417ECE20045A7A7 /* Resources */,
			);
			buildRules = (
			);
			dependencies = (
			);
			name = "Handwashtimer WatchKit Extension";
			productName = "Handwashtimer WatchKit Extension";
			productReference = EA9AAE102417ECE20045A7A7 /* Handwashtimer WatchKit Extension.appex */;
			productType = "com.apple.product-type.watchkit2-extension";
		};
/* End PBXNativeTarget section */

/* Begin PBXProject section */
		EA9AADF72417ECE00045A7A7 /* Project object */ = {
			isa = PBXProject;
			attributes = {
				LastSwiftUpdateCheck = 1130;
				LastUpgradeCheck = 1130;
				ORGANIZATIONNAME = "Bror Brurberg";
				TargetAttributes = {
					EA9AADFC2417ECE00045A7A7 = {
						CreatedOnToolsVersion = 11.3.1;
					};
					EA9AAE002417ECE00045A7A7 = {
						CreatedOnToolsVersion = 11.3.1;
					};
					EA9AAE0F2417ECE20045A7A7 = {
						CreatedOnToolsVersion = 11.3.1;
					};
				};
			};
			buildConfigurationList = EA9AADFA2417ECE00045A7A7 /* Build configuration list for PBXProject "Handwashtimer" */;
			compatibilityVersion = "Xcode 9.3";
			developmentRegion = en;
			hasScannedForEncodings = 0;
			knownRegions = (
				en,
				Base,
			);
			mainGroup = EA9AADF62417ECE00045A7A7;
			productRefGroup = EA9AADFE2417ECE00045A7A7 /* Products */;
			projectDirPath = "";
			projectRoot = "";
			targets = (
				EA9AADFC2417ECE00045A7A7 /* Handwashtimer */,
				EA9AAE002417ECE00045A7A7 /* Handwashtimer WatchKit App */,
				EA9AAE0F2417ECE20045A7A7 /* Handwashtimer WatchKit Extension */,
			);
		};
/* End PBXProject section */

/* Begin PBXResourcesBuildPhase section */
		EA9AADFB2417ECE00045A7A7 /* Resources */ = {
			isa = PBXResourcesBuildPhase;
			buildActionMask = 2147483647;
			files = (
			);
			runOnlyForDeploymentPostprocessing = 0;
		};
		EA9AADFF2417ECE00045A7A7 /* Resources */ = {
			isa = PBXResourcesBuildPhase;
			buildActionMask = 2147483647;
			files = (
				EA9AAE0A2417ECE20045A7A7 /* Assets.xcassets in Resources */,
				EA9AAE082417ECE00045A7A7 /* Interface.storyboard in Resources */,
			);
			runOnlyForDeploymentPostprocessing = 0;
		};
		EA9AAE0E2417ECE20045A7A7 /* Resources */ = {
			isa = PBXResourcesBuildPhase;
			buildActionMask = 2147483647;
			files = (
				EA1B9779241A346200704E75 /* droplet_icon.png in Resources */,
				EA9AAE232417ECE30045A7A7 /* Preview Assets.xcassets in Resources */,
				EA9AAE202417ECE30045A7A7 /* Assets.xcassets in Resources */,
			);
			runOnlyForDeploymentPostprocessing = 0;
		};
/* End PBXResourcesBuildPhase section */

/* Begin PBXSourcesBuildPhase section */
		EA9AAE0C2417ECE20045A7A7 /* Sources */ = {
			isa = PBXSourcesBuildPhase;
			buildActionMask = 2147483647;
			files = (
				EA9AAE182417ECE20045A7A7 /* HostingController.swift in Sources */,
				EA9AAE372417F47F0045A7A7 /* DatePicker.swift in Sources */,
				EA9AAE39241812F50045A7A7 /* Settings.swift in Sources */,
				EA9AAE352417F28E0045A7A7 /* Stepper.swift in Sources */,
				EA9AAE162417ECE20045A7A7 /* ContentView.swift in Sources */,
				EA9AAE1C2417ECE20045A7A7 /* NotificationController.swift in Sources */,
				EA9AAE1A2417ECE20045A7A7 /* ExtensionDelegate.swift in Sources */,
				EA7D74FE24193E8200630823 /* ComplicationController.swift in Sources */,
				EA9AAE1E2417ECE20045A7A7 /* NotificationView.swift in Sources */,
				EA9AAE3B24182B530045A7A7 /* WashObservable.swift in Sources */,
			);
			runOnlyForDeploymentPostprocessing = 0;
		};
/* End PBXSourcesBuildPhase section */

/* Begin PBXTargetDependency section */
		EA9AAE042417ECE00045A7A7 /* PBXTargetDependency */ = {
			isa = PBXTargetDependency;
			target = EA9AAE002417ECE00045A7A7 /* Handwashtimer WatchKit App */;
			targetProxy = EA9AAE032417ECE00045A7A7 /* PBXContainerItemProxy */;
		};
		EA9AAE132417ECE20045A7A7 /* PBXTargetDependency */ = {
			isa = PBXTargetDependency;
			target = EA9AAE0F2417ECE20045A7A7 /* Handwashtimer WatchKit Extension */;
			targetProxy = EA9AAE122417ECE20045A7A7 /* PBXContainerItemProxy */;
		};
/* End PBXTargetDependency section */

/* Begin PBXVariantGroup section */
		EA9AAE062417ECE00045A7A7 /* Interface.storyboard */ = {
			isa = PBXVariantGroup;
			children = (
				EA9AAE072417ECE00045A7A7 /* Base */,
			);
			name = Interface.storyboard;
			sourceTree = "<group>";
		};
/* End PBXVariantGroup section */

/* Begin XCBuildConfiguration section */
		EA9AAE262417ECE30045A7A7 /* Debug */ = {
			isa = XCBuildConfiguration;
			buildSettings = {
				ALWAYS_SEARCH_USER_PATHS = NO;
				CLANG_ANALYZER_NONNULL = YES;
				CLANG_ANALYZER_NUMBER_OBJECT_CONVERSION = YES_AGGRESSIVE;
				CLANG_CXX_LANGUAGE_STANDARD = "gnu++14";
				CLANG_CXX_LIBRARY = "libc++";
				CLANG_ENABLE_MODULES = YES;
				CLANG_ENABLE_OBJC_ARC = YES;
				CLANG_ENABLE_OBJC_WEAK = YES;
				CLANG_WARN_BLOCK_CAPTURE_AUTORELEASING = YES;
				CLANG_WARN_BOOL_CONVERSION = YES;
				CLANG_WARN_COMMA = YES;
				CLANG_WARN_CONSTANT_CONVERSION = YES;
				CLANG_WARN_DEPRECATED_OBJC_IMPLEMENTATIONS = YES;
				CLANG_WARN_DIRECT_OBJC_ISA_USAGE = YES_ERROR;
				CLANG_WARN_DOCUMENTATION_COMMENTS = YES;
				CLANG_WARN_EMPTY_BODY = YES;
				CLANG_WARN_ENUM_CONVERSION = YES;
				CLANG_WARN_INFINITE_RECURSION = YES;
				CLANG_WARN_INT_CONVERSION = YES;
				CLANG_WARN_NON_LITERAL_NULL_CONVERSION = YES;
				CLANG_WARN_OBJC_IMPLICIT_RETAIN_SELF = YES;
				CLANG_WARN_OBJC_LITERAL_CONVERSION = YES;
				CLANG_WARN_OBJC_ROOT_CLASS = YES_ERROR;
				CLANG_WARN_RANGE_LOOP_ANALYSIS = YES;
				CLANG_WARN_STRICT_PROTOTYPES = YES;
				CLANG_WARN_SUSPICIOUS_MOVE = YES;
				CLANG_WARN_UNGUARDED_AVAILABILITY = YES_AGGRESSIVE;
				CLANG_WARN_UNREACHABLE_CODE = YES;
				CLANG_WARN__DUPLICATE_METHOD_MATCH = YES;
				COPY_PHASE_STRIP = NO;
				DEBUG_INFORMATION_FORMAT = dwarf;
				ENABLE_STRICT_OBJC_MSGSEND = YES;
				ENABLE_TESTABILITY = YES;
				GCC_C_LANGUAGE_STANDARD = gnu11;
				GCC_DYNAMIC_NO_PIC = NO;
				GCC_NO_COMMON_BLOCKS = YES;
				GCC_OPTIMIZATION_LEVEL = 0;
				GCC_PREPROCESSOR_DEFINITIONS = (
					"DEBUG=1",
					"$(inherited)",
				);
				GCC_WARN_64_TO_32_BIT_CONVERSION = YES;
				GCC_WARN_ABOUT_RETURN_TYPE = YES_ERROR;
				GCC_WARN_UNDECLARED_SELECTOR = YES;
				GCC_WARN_UNINITIALIZED_AUTOS = YES_AGGRESSIVE;
				GCC_WARN_UNUSED_FUNCTION = YES;
				GCC_WARN_UNUSED_VARIABLE = YES;
				MTL_ENABLE_DEBUG_INFO = INCLUDE_SOURCE;
				MTL_FAST_MATH = YES;
				ONLY_ACTIVE_ARCH = YES;
				SDKROOT = iphoneos;
				SWIFT_ACTIVE_COMPILATION_CONDITIONS = DEBUG;
				SWIFT_OPTIMIZATION_LEVEL = "-Onone";
			};
			name = Debug;
		};
		EA9AAE272417ECE30045A7A7 /* Release */ = {
			isa = XCBuildConfiguration;
			buildSettings = {
				ALWAYS_SEARCH_USER_PATHS = NO;
				CLANG_ANALYZER_NONNULL = YES;
				CLANG_ANALYZER_NUMBER_OBJECT_CONVERSION = YES_AGGRESSIVE;
				CLANG_CXX_LANGUAGE_STANDARD = "gnu++14";
				CLANG_CXX_LIBRARY = "libc++";
				CLANG_ENABLE_MODULES = YES;
				CLANG_ENABLE_OBJC_ARC = YES;
				CLANG_ENABLE_OBJC_WEAK = YES;
				CLANG_WARN_BLOCK_CAPTURE_AUTORELEASING = YES;
				CLANG_WARN_BOOL_CONVERSION = YES;
				CLANG_WARN_COMMA = YES;
				CLANG_WARN_CONSTANT_CONVERSION = YES;
				CLANG_WARN_DEPRECATED_OBJC_IMPLEMENTATIONS = YES;
				CLANG_WARN_DIRECT_OBJC_ISA_USAGE = YES_ERROR;
				CLANG_WARN_DOCUMENTATION_COMMENTS = YES;
				CLANG_WARN_EMPTY_BODY = YES;
				CLANG_WARN_ENUM_CONVERSION = YES;
				CLANG_WARN_INFINITE_RECURSION = YES;
				CLANG_WARN_INT_CONVERSION = YES;
				CLANG_WARN_NON_LITERAL_NULL_CONVERSION = YES;
				CLANG_WARN_OBJC_IMPLICIT_RETAIN_SELF = YES;
				CLANG_WARN_OBJC_LITERAL_CONVERSION = YES;
				CLANG_WARN_OBJC_ROOT_CLASS = YES_ERROR;
				CLANG_WARN_RANGE_LOOP_ANALYSIS = YES;
				CLANG_WARN_STRICT_PROTOTYPES = YES;
				CLANG_WARN_SUSPICIOUS_MOVE = YES;
				CLANG_WARN_UNGUARDED_AVAILABILITY = YES_AGGRESSIVE;
				CLANG_WARN_UNREACHABLE_CODE = YES;
				CLANG_WARN__DUPLICATE_METHOD_MATCH = YES;
				COPY_PHASE_STRIP = NO;
				DEBUG_INFORMATION_FORMAT = "dwarf-with-dsym";
				ENABLE_NS_ASSERTIONS = NO;
				ENABLE_STRICT_OBJC_MSGSEND = YES;
				GCC_C_LANGUAGE_STANDARD = gnu11;
				GCC_NO_COMMON_BLOCKS = YES;
				GCC_WARN_64_TO_32_BIT_CONVERSION = YES;
				GCC_WARN_ABOUT_RETURN_TYPE = YES_ERROR;
				GCC_WARN_UNDECLARED_SELECTOR = YES;
				GCC_WARN_UNINITIALIZED_AUTOS = YES_AGGRESSIVE;
				GCC_WARN_UNUSED_FUNCTION = YES;
				GCC_WARN_UNUSED_VARIABLE = YES;
				MTL_ENABLE_DEBUG_INFO = NO;
				MTL_FAST_MATH = YES;
				SDKROOT = iphoneos;
				SWIFT_COMPILATION_MODE = wholemodule;
				SWIFT_OPTIMIZATION_LEVEL = "-O";
				VALIDATE_PRODUCT = YES;
			};
			name = Release;
		};
		EA9AAE292417ECE30045A7A7 /* Debug */ = {
			isa = XCBuildConfiguration;
			buildSettings = {
				ASSETCATALOG_COMPILER_COMPLICATION_NAME = Complication;
				CODE_SIGN_ENTITLEMENTS = "Handwashtimer WatchKit Extension/Handwashtimer WatchKit Extension.entitlements";
				CODE_SIGN_STYLE = Automatic;
				CURRENT_PROJECT_VERSION = 11;
				DEVELOPMENT_ASSET_PATHS = "\"Handwashtimer WatchKit Extension/Preview Content\"";
				DEVELOPMENT_TEAM = MU87UPK8Q4;
				ENABLE_PREVIEWS = YES;
				INFOPLIST_FILE = "Handwashtimer WatchKit Extension/Info.plist";
				LD_RUNPATH_SEARCH_PATHS = (
					"$(inherited)",
					"@executable_path/Frameworks",
					"@executable_path/../../Frameworks",
				);
				PRODUCT_BUNDLE_IDENTIFIER = dev.brurberg.Handwashtimer.watchkitapp.watchkitextension;
				PRODUCT_NAME = "Handwashtimer WatchKit Extension";
				SDKROOT = watchos;
				SKIP_INSTALL = YES;
				SWIFT_VERSION = 5.0;
				TARGETED_DEVICE_FAMILY = 4;
				WATCHOS_DEPLOYMENT_TARGET = 6.1;
			};
			name = Debug;
		};
		EA9AAE2A2417ECE30045A7A7 /* Release */ = {
			isa = XCBuildConfiguration;
			buildSettings = {
				ASSETCATALOG_COMPILER_COMPLICATION_NAME = Complication;
				CODE_SIGN_ENTITLEMENTS = "Handwashtimer WatchKit Extension/Handwashtimer WatchKit Extension.entitlements";
				CODE_SIGN_STYLE = Automatic;
				CURRENT_PROJECT_VERSION = 11;
				DEVELOPMENT_ASSET_PATHS = "\"Handwashtimer WatchKit Extension/Preview Content\"";
				DEVELOPMENT_TEAM = MU87UPK8Q4;
				ENABLE_PREVIEWS = YES;
				INFOPLIST_FILE = "Handwashtimer WatchKit Extension/Info.plist";
				LD_RUNPATH_SEARCH_PATHS = (
					"$(inherited)",
					"@executable_path/Frameworks",
					"@executable_path/../../Frameworks",
				);
				PRODUCT_BUNDLE_IDENTIFIER = dev.brurberg.Handwashtimer.watchkitapp.watchkitextension;
				PRODUCT_NAME = "Handwashtimer WatchKit Extension";
				SDKROOT = watchos;
				SKIP_INSTALL = YES;
				SWIFT_VERSION = 5.0;
				TARGETED_DEVICE_FAMILY = 4;
				WATCHOS_DEPLOYMENT_TARGET = 6.1;
			};
			name = Release;
		};
		EA9AAE2D2417ECE30045A7A7 /* Debug */ = {
			isa = XCBuildConfiguration;
			buildSettings = {
				ALWAYS_EMBED_SWIFT_STANDARD_LIBRARIES = YES;
				ASSETCATALOG_COMPILER_APPICON_NAME = AppIcon;
				CODE_SIGN_STYLE = Automatic;
				CURRENT_PROJECT_VERSION = 11;
				DEVELOPMENT_TEAM = MU87UPK8Q4;
				IBSC_MODULE = Handwashtimer_WatchKit_Extension;
				INFOPLIST_FILE = "Handwashtimer WatchKit App/Info.plist";
				PRODUCT_BUNDLE_IDENTIFIER = dev.brurberg.Handwashtimer.watchkitapp;
				PRODUCT_NAME = "Handwashtimer WatchKit App";
				SDKROOT = watchos;
				SKIP_INSTALL = YES;
				SWIFT_VERSION = 5.0;
				TARGETED_DEVICE_FAMILY = 4;
				WATCHOS_DEPLOYMENT_TARGET = 6.1;
			};
			name = Debug;
		};
		EA9AAE2E2417ECE30045A7A7 /* Release */ = {
			isa = XCBuildConfiguration;
			buildSettings = {
				ALWAYS_EMBED_SWIFT_STANDARD_LIBRARIES = YES;
				ASSETCATALOG_COMPILER_APPICON_NAME = AppIcon;
				CODE_SIGN_STYLE = Automatic;
				CURRENT_PROJECT_VERSION = 11;
				DEVELOPMENT_TEAM = MU87UPK8Q4;
				IBSC_MODULE = Handwashtimer_WatchKit_Extension;
				INFOPLIST_FILE = "Handwashtimer WatchKit App/Info.plist";
				PRODUCT_BUNDLE_IDENTIFIER = dev.brurberg.Handwashtimer.watchkitapp;
				PRODUCT_NAME = "Handwashtimer WatchKit App";
				SDKROOT = watchos;
				SKIP_INSTALL = YES;
				SWIFT_VERSION = 5.0;
				TARGETED_DEVICE_FAMILY = 4;
				WATCHOS_DEPLOYMENT_TARGET = 6.1;
			};
			name = Release;
		};
		EA9AAE312417ECE30045A7A7 /* Debug */ = {
			isa = XCBuildConfiguration;
			buildSettings = {
				CODE_SIGN_STYLE = Automatic;
				CURRENT_PROJECT_VERSION = 11;
				DEVELOPMENT_TEAM = MU87UPK8Q4;
				MARKETING_VERSION = 1.0;
				PRODUCT_BUNDLE_IDENTIFIER = dev.brurberg.Handwashtimer;
				PRODUCT_NAME = "$(TARGET_NAME)";
				SWIFT_VERSION = 5.0;
			};
			name = Debug;
		};
		EA9AAE322417ECE30045A7A7 /* Release */ = {
			isa = XCBuildConfiguration;
			buildSettings = {
				CODE_SIGN_STYLE = Automatic;
				CURRENT_PROJECT_VERSION = 11;
				DEVELOPMENT_TEAM = MU87UPK8Q4;
				MARKETING_VERSION = 1.0;
				PRODUCT_BUNDLE_IDENTIFIER = dev.brurberg.Handwashtimer;
				PRODUCT_NAME = "$(TARGET_NAME)";
				SWIFT_VERSION = 5.0;
			};
			name = Release;
		};
/* End XCBuildConfiguration section */

/* Begin XCConfigurationList section */
		EA9AADFA2417ECE00045A7A7 /* Build configuration list for PBXProject "Handwashtimer" */ = {
			isa = XCConfigurationList;
			buildConfigurations = (
				EA9AAE262417ECE30045A7A7 /* Debug */,
				EA9AAE272417ECE30045A7A7 /* Release */,
			);
			defaultConfigurationIsVisible = 0;
			defaultConfigurationName = Release;
		};
		EA9AAE282417ECE30045A7A7 /* Build configuration list for PBXNativeTarget "Handwashtimer WatchKit Extension" */ = {
			isa = XCConfigurationList;
			buildConfigurations = (
				EA9AAE292417ECE30045A7A7 /* Debug */,
				EA9AAE2A2417ECE30045A7A7 /* Release */,
			);
			defaultConfigurationIsVisible = 0;
			defaultConfigurationName = Release;
		};
		EA9AAE2C2417ECE30045A7A7 /* Build configuration list for PBXNativeTarget "Handwashtimer WatchKit App" */ = {
			isa = XCConfigurationList;
			buildConfigurations = (
				EA9AAE2D2417ECE30045A7A7 /* Debug */,
				EA9AAE2E2417ECE30045A7A7 /* Release */,
			);
			defaultConfigurationIsVisible = 0;
			defaultConfigurationName = Release;
		};
		EA9AAE302417ECE30045A7A7 /* Build configuration list for PBXNativeTarget "Handwashtimer" */ = {
			isa = XCConfigurationList;
			buildConfigurations = (
				EA9AAE312417ECE30045A7A7 /* Debug */,
				EA9AAE322417ECE30045A7A7 /* Release */,
			);
			defaultConfigurationIsVisible = 0;
			defaultConfigurationName = Release;
		};
/* End XCConfigurationList section */
	};
	rootObject = EA9AADF72417ECE00045A7A7 /* Project object */;
}
